
Microsoft Visual Studio Solution File, Format Version 12.00
# Visual Studio Version 17
VisualStudioVersion = 17.14.37216.2 d17.14
MinimumVisualStudioVersion = 10.0.40219.1
Project("{FAE04EC0-301F-11D3-BF4B-00C04F79EFBC}") = "ChatClient", "ChatClient\ChatClient.csproj", "{16499347-7AFA-4214-A09A-2F95A9E1D498}"
EndProject
Global
	GlobalSection(SolutionConfigurationPlatforms) = preSolution
		Debug|Any CPU = Debug|Any CPU
		Release|Any CPU = Release|Any CPU
	EndGlobalSection
	GlobalSection(ProjectConfigurationPlatforms) = postSolution
		{16499347-7AFA-4214-A09A-2F95A9E1D498}.Debug|Any CPU.ActiveCfg = Debug|Any CPU
		{16499347-7AFA-4214-A09A-2F95A9E1D498}.Debug|Any CPU.Build.0 = Debug|Any CPU
		{16499347-7AFA-4214-A09A-2F95A9E1D498}.Release|Any CPU.ActiveCfg = Release|Any CPU
		{16499347-7AFA-4214-A09A-2F95A9E1D498}.Release|Any CPU.Build.0 = Release|Any CPU
	EndGlobalSection
	GlobalSection(SolutionProperties) = preSolution
		HideSolutionNode = FALSE
	EndGlobalSection
	GlobalSection(ExtensibilityGlobals) = postSolution
		SolutionGuid = {47B388F3-4F2D-4D63-9616-E558C5ED0F45}
	EndGlobalSection
EndGlobal
